
Microsoft Visual Studio Solution File, Format Version 12.00
# Visual Studio 15
VisualStudioVersion = 15.0.27130.2027
MinimumVisualStudioVersion = 10.0.40219.1
Project("{F184B08F-C81C-45F6-A57F-5ABD9991F28F}") = "EmployeeAverageShipped", "EmployeeAverageShipped\EmployeeAverageShipped.vbproj", "{3819243B-DB2F-439C-8011-F315238F695C}"
EndProject
Project("{F184B08F-C81C-45F6-A57F-5ABD9991F28F}") = "AverageUnitsShipped", "..\..\..\Desktop\AverageUnitsShipped-master\AverageUnitsShipped\AverageUnitsShipped.vbproj", "{4FE5CC3A-3D7A-49D7-BE67-E4FA8A82FE61}"
EndProject
Global
	GlobalSection(SolutionConfigurationPlatforms) = preSolution
		Debug|Any CPU = Debug|Any CPU
		Release|Any CPU = Release|Any CPU
	EndGlobalSection
	GlobalSection(ProjectConfigurationPlatforms) = postSolution
		{3819243B-DB2F-439C-8011-F315238F695C}.Debug|Any CPU.ActiveCfg = Debug|Any CPU
		{3819243B-DB2F-439C-8011-F315238F695C}.Debug|Any CPU.Build.0 = Debug|Any CPU
		{3819243B-DB2F-439C-8011-F315238F695C}.Release|Any CPU.ActiveCfg = Release|Any CPU
		{3819243B-DB2F-439C-8011-F315238F695C}.Release|Any CPU.Build.0 = Release|Any CPU
		{4FE5CC3A-3D7A-49D7-BE67-E4FA8A82FE61}.Debug|Any CPU.ActiveCfg = Debug|Any CPU
		{4FE5CC3A-3D7A-49D7-BE67-E4FA8A82FE61}.Debug|Any CPU.Build.0 = Debug|Any CPU
		{4FE5CC3A-3D7A-49D7-BE67-E4FA8A82FE61}.Release|Any CPU.ActiveCfg = Release|Any CPU
		{4FE5CC3A-3D7A-49D7-BE67-E4FA8A82FE61}.Release|Any CPU.Build.0 = Release|Any CPU
	EndGlobalSection
	GlobalSection(SolutionProperties) = preSolution
		HideSolutionNode = FALSE
	EndGlobalSection
	GlobalSection(ExtensibilityGlobals) = postSolution
		SolutionGuid = {85EA811D-6CDA-4DB1-BEA2-6A685DB3E983}
	EndGlobalSection
EndGlobal
